{
  "name": "turnjs",
  "version": "4.0.0",
  "lockfileVersion": 3,
  "requires": true,
  "packages": {
    "": {
      "name": "turnjs",
      "version": "4.0.0",
      "license": "MIT",
      "dependencies": {
        "turnjs": "file:"
      }
    },
    "node_modules/turnjs": {
      "resolved": "",
      "link": true
    }
  }
}
